{
    "_meta": {
        "hash": {
            "sha256": "3ae26a7387173bedbf95739691d699e702ab87a79a1cd401cabb44bf2fc9bfb0"
        },
        "pipfile-spec": 6,
        "requires": {
            "python_version": "3.7"
        },
        "sources": [
            {
                "name": "pypi",
                "url": "https://pypi.org/simple",
                "verify_ssl": true
            }
        ]
    },
    "default": {},
    "develop": {
        "altgraph": {
            "hashes": [
                "sha256:743628f2ac6a7c26f5d9223c91ed8ecbba535f506f4b6f558885a8a56a105857",
                "sha256:ebf2269361b47d97b3b88e696439f6e4cbc607c17c51feb1754f90fb79839158"
            ],
            "version": "==0.17.2"
        },
        "black": {
            "hashes": [
                "sha256:6eb7448da9143ee65b856a5f3676b7dda98ad9abe0f87fce8c59291f15e82a5b",
                "sha256:a9952229092e325fe5f3dae56d81f639b23f7131eb840781947e4b2886030f33"
            ],
            "index": "pypi",
            "version": "==21.10b0"
        },
        "click": {
            "hashes": [
                "sha256:353f466495adaeb40b6b5f592f9f91cb22372351c84caeb068132442a4518ef3",
                "sha256:410e932b050f5eed773c4cda94de75971c89cdb3155a72a0831139a79e5ecb5b"
            ],
            "markers": "python_version >= '3.6'",
            "version": "==8.0.3"
        },
        "importlib-metadata": {
            "hashes": [
                "sha256:b618b6d2d5ffa2f16add5697cf57a46c76a56229b0ed1c438322e4e95645bd15",
                "sha256:f284b3e11256ad1e5d03ab86bb2ccd6f5339688ff17a4d797a0fe7df326f23b1"
            ],
            "markers": "python_version < '3.8'",
            "version": "==4.8.1"
        },
        "mypy": {
            "hashes": [
                "sha256:088cd9c7904b4ad80bec811053272986611b84221835e079be5bcad029e79dd9",
                "sha256:0aadfb2d3935988ec3815952e44058a3100499f5be5b28c34ac9d79f002a4a9a",
                "sha256:119bed3832d961f3a880787bf621634ba042cb8dc850a7429f643508eeac97b9",
                "sha256:1a85e280d4d217150ce8cb1a6dddffd14e753a4e0c3cf90baabb32cefa41b59e",
                "sha256:3c4b8ca36877fc75339253721f69603a9c7fdb5d4d5a95a1a1b899d8b86a4de2",
                "sha256:3e382b29f8e0ccf19a2df2b29a167591245df90c0b5a2542249873b5c1d78212",
                "sha256:42c266ced41b65ed40a282c575705325fa7991af370036d3f134518336636f5b",
                "sha256:53fd2eb27a8ee2892614370896956af2ff61254c275aaee4c230ae771cadd885",
                "sha256:704098302473cb31a218f1775a873b376b30b4c18229421e9e9dc8916fd16150",
                "sha256:7df1ead20c81371ccd6091fa3e2878559b5c4d4caadaf1a484cf88d93ca06703",
                "sha256:866c41f28cee548475f146aa4d39a51cf3b6a84246969f3759cb3e9c742fc072",
                "sha256:a155d80ea6cee511a3694b108c4494a39f42de11ee4e61e72bc424c490e46457",
                "sha256:adaeee09bfde366d2c13fe6093a7df5df83c9a2ba98638c7d76b010694db760e",
                "sha256:b6fb13123aeef4a3abbcfd7e71773ff3ff1526a7d3dc538f3929a49b42be03f0",
                "sha256:b94e4b785e304a04ea0828759172a15add27088520dc7e49ceade7834275bedb",
                "sha256:c0df2d30ed496a08de5daed2a9ea807d07c21ae0ab23acf541ab88c24b26ab97",
                "sha256:c6c2602dffb74867498f86e6129fd52a2770c48b7cd3ece77ada4fa38f94eba8",
                "sha256:ceb6e0a6e27fb364fb3853389607cf7eb3a126ad335790fa1e14ed02fba50811",
                "sha256:d9dd839eb0dc1bbe866a288ba3c1afc33a202015d2ad83b31e875b5905a079b6",
                "sha256:e4dab234478e3bd3ce83bac4193b2ecd9cf94e720ddd95ce69840273bf44f6de",
                "sha256:ec4e0cd079db280b6bdabdc807047ff3e199f334050db5cbb91ba3e959a67504",
                "sha256:ecd2c3fe726758037234c93df7e98deb257fd15c24c9180dacf1ef829da5f921",
                "sha256:ef565033fa5a958e62796867b1df10c40263ea9ded87164d67572834e57a174d"
            ],
            "index": "pypi",
            "version": "==0.910"
        },
        "mypy-extensions": {
            "hashes": [
                "sha256:090fedd75945a69ae91ce1303b5824f428daf5a028d2f6ab8a299250a846f15d",
                "sha256:2d82818f5bb3e369420cb3c4060a7970edba416647068eb4c5343488a6c604a8"
            ],
            "version": "==0.4.3"
        },
        "pathspec": {
            "hashes": [
                "sha256:7d15c4ddb0b5c802d161efc417ec1a2558ea2653c2e8ad9c19098201dc1c993a",
                "sha256:e564499435a2673d586f6b2130bb5b95f04a3ba06f81b8f895b651a3c76aabb1"
            ],
            "version": "==0.9.0"
        },
        "platformdirs": {
            "hashes": [
                "sha256:367a5e80b3d04d2428ffa76d33f124cf11e8fff2acdaa9b43d545f5c7d661ef2",
                "sha256:8868bbe3c3c80d42f20156f22e7131d2fb321f5bc86a2a345375c6481a67021d"
            ],
            "markers": "python_version >= '3.6'",
            "version": "==2.4.0"
        },
        "pyinstaller": {
            "hashes": [
                "sha256:0fe1fdd6851663d378e85692709506d5d7c6dfc59105315ab78ba99dac689ca3",
                "sha256:351bd218799f6253dd195c7c138b29eab96b4b1b805df2ed03f49c30343764c5",
                "sha256:3ba0dc50f8951f3c9ab4536b452f8c126ff18ff8439aa77b7e0a1b81a18c7ccf",
                "sha256:3bb837a925162518ec58f0b704c36b9c79b92f30df2fe083ddf63175de1eedcb",
                "sha256:3ff8be1da3ee971c33d3ce072dcb499658206761e0d36c38d6b83acc838d2a78",
                "sha256:72e3995ae182de2e37625a1debe1d0877a85039fe1fcda062891cfa07606072a",
                "sha256:b67c9d2844b1a47c0a83dee879ba9fe8ca4f0f076483ab279cdec4a05be8510e",
                "sha256:be2ae2aa554604eb467d02b7ac91f2f59d72a3f45ddfa2718c2e3ae9c850793c",
                "sha256:c4b3976e6891f1b46ec8baecc8a9888fc71a92178a1ee67c7c5bcb35acf6990d"
            ],
            "index": "pypi",
            "version": "==4.6"
        },
        "pyinstaller-hooks-contrib": {
            "hashes": [
                "sha256:169b09802a19f83593114821d6ba0416a05c7071ef0ca394f7bfb7e2c0c916c8",
                "sha256:a52bc3834281266bbf77239cfc9521923336ca622f44f90924546ed6c6d3ad5e"
            ],
            "version": "==2021.3"
        },
        "regex": {
            "hashes": [
                "sha256:04ed2819b7c9d83ae3dfbbfea770f0d0780c732b5cbbd8269aa910dbe0205361",
                "sha256:05d8ddf6bb4f50342ecddee4deb621588a013afe13d9c77cf6eb58c5ad1bc21f",
                "sha256:09c9ff0c67f4949f14b2ddf935bc36cafd0fd4db6d3334a3e5a24a532773b2d1",
                "sha256:0aa74d18236f8a31b911caafc28aed2a8444bcca8e61eb377949771f84710ada",
                "sha256:0da1b6e39affa1b6da2106745c9d73f576ffe4484cbdfbd5e1c9b9872532eec8",
                "sha256:0ef40aa8e39dff52480e21c38b36486a0c256b3b93d0094e7a06ab517a246994",
                "sha256:197331fffc684af34534328a9e4a7d0a118d9a838b393b80abb7af4f709acad7",
                "sha256:1b4cf110002a8b6d039d2d4bed15095e5ddf3d9e4aa5eb67476eba0256c93893",
                "sha256:20675d8bd3c2cc8dbfafd60a220ec04d0018564f101f80a64e56f4e4ed0afe55",
                "sha256:29dfb06ef5c47b41dcb3bf4fdf2983c048711e16a3bf74814be14089a1933b3c",
                "sha256:2a394085589dc549ad976290c93f688620af898ac49d46269ad6cdf3ef29bc58",
                "sha256:2f189743257300e9b3a3b4fdea10f46bf6d33ef580856b2a6bfc2073653c2287",
                "sha256:3383f0d47e5e343fa5facd87a6f95de101c488d0aec1f41da00fcc019179aefc",
                "sha256:495d98445daaa4657093fc54a5d53cffe41acec5c1edac901aac8061fc7c2f85",
                "sha256:4b4d2b514c30a9c8f80f5d78ec978719f1c3823662a5ba0809c03f0cad4c5de6",
                "sha256:50ceaaaa88abec74393301336a2494734386cf3cafa51dde26367b139fe86336",
                "sha256:5867bc04011ee03ed3160df2f378cdee732aa3ed070b4760b029ebefbea6116c",
                "sha256:5b4036abc6b3307146a81358cd4d4d091bd9a2fe3edaca9b95f66e7ba6d06e20",
                "sha256:68939d7fdc417174ee4975fd78aec41ae484de606add311d1387011484ce1da3",
                "sha256:69e047c969f7b952bc55274e2b5189117ff2322b049a4c9143f94af8976b55f6",
                "sha256:6a1ed9aef9748d76cf39e08529be9209bdfcf34e70c9133abf966d954a59bc6d",
                "sha256:6b3f8852cf597388851c1d3d1073fb3694e5647303c002813aa230d41a9ec5fc",
                "sha256:6c26d8d18ae84584d58e34c9ac5c8528110483d080dca77626fd62cdb316c0a2",
                "sha256:724a1601ae73521e1e9fda0a3015915ae0d1931772802fcf7f0dd83f111d11d2",
                "sha256:75ad34d49fdd9faef0f4ccf9286c63ee9610d4664d92b13cdb4c4407e834921c",
                "sha256:767cb9ba1e6151692fd27449f06550fbdbd82b42236b5a31bac862a1da628860",
                "sha256:78c80cd9939b42eeac4f0556f689a6eda987b81678149071853391b922d98f64",
                "sha256:7f44ee70fa7f346551550f8ec4650a4354b9494c0d1dfa08100fe056d6910388",
                "sha256:8228e75d340e48b360d5e963acf1332b5c9080f73ec6ce8cf483ec7e0542f2dd",
                "sha256:86baabf4f346b612665ab9f5f38377def21f824c89574e71c67e5c38e4971e5c",
                "sha256:8ae9d75bbfebd402e1254b09a721c037ec9f018750a5091bea8c705729bbf5c1",
                "sha256:95fa9665d8dac10c109a3dcc7d476b7f27b32fe22190b433c2a2b7eb903aa646",
                "sha256:a3abab9f5d487061b0d99beb5ff2d1619a3652c8b785bc66aca7682d8b7d4116",
                "sha256:a5bb5637a2fe6d8710d5f0b5600556c64fb3d49449502e9dece2038a9753e8b8",
                "sha256:b06599e60c421fb0512a2cef8553e6ea072a72081e51158f487e2d207b947aa9",
                "sha256:b0bd3cccb9e6e61ed64a01075353ded1e012b8c4af222496eb5478dc48a5c0b4",
                "sha256:b662e04e0fc8f3b99d9beacecc5e000b9a68bdb25ba5b64211ebe263e907f3a2",
                "sha256:b77c919379409ae92a5b13ef2452c509632efaa40b926fab9eac7839ae9a266a",
                "sha256:c1f3b0f23437eea6c1781bcc7d1d14f7c8a3032142ac660dc7ca43ba1a139e30",
                "sha256:c61568c1633abfddd21552a261d3e1a83eda7e3fb1d46e148d61fd41d5541a8d",
                "sha256:cc93c277d6793a26cdb9bcadc6d6d9db9c6a6cf2aae207bbaef2f16d53570d43",
                "sha256:ce0625900e4d6d9a43f50e897f6aaa1a52e5e4931f994a1b8e9f6a4e49185e4e",
                "sha256:cef78eab573f07378f26662f24d28c706e6765a95980cce98a91d025d481ab95",
                "sha256:cf725b99f897b8e6d24d8b102320a31551530d7aae1e2fe42eb1ee85173f57b6",
                "sha256:d9108787c320940acc6676000716c3dc1734db9e14facbd98c13920972aee21b",
                "sha256:dd31271de74c8f3e296644f9a12d9ad60bdc3fc8d3b8e8a26ccbf777169e5a0d",
                "sha256:e4f6741b5506cbad28bfc46397c2e267ca59b357c075ea6b68f7781c5a8b150a",
                "sha256:e829fc2a1bcbb18c6579fd5fb563b93f25973b0451cf4e2a22933c991792e2cb",
                "sha256:ea372838910264443ad233a92a20279574b7f0e9743b5e5de526e274895b7274"
            ],
            "version": "==2021.11.1"
        },
        "toml": {
            "hashes": [
                "sha256:806143ae5bfb6a3c6e736a764057db0e6a0e05e338b5630894a5f779cabb4f9b",
                "sha256:b3bda1d108d5dd99f4a20d24d9c348e91c4db7ab1b749200bded2f839ccbe68f"
            ],
            "markers": "python_version >= '2.6' and python_version not in '3.0, 3.1, 3.2, 3.3'",
            "version": "==0.10.2"
        },
        "tomli": {
            "hashes": [
                "sha256:c6ce0015eb38820eaf32b5db832dbc26deb3dd427bd5f6556cf0acac2c214fee",
                "sha256:f04066f68f5554911363063a30b108d2b5a5b1a010aa8b6132af78489fe3aade"
            ],
            "markers": "python_version >= '3.6'",
            "version": "==1.2.2"
        },
        "typed-ast": {
            "hashes": [
                "sha256:01ae5f73431d21eead5015997ab41afa53aa1fbe252f9da060be5dad2c730ace",
                "sha256:067a74454df670dcaa4e59349a2e5c81e567d8d65458d480a5b3dfecec08c5ff",
                "sha256:0fb71b8c643187d7492c1f8352f2c15b4c4af3f6338f21681d3681b3dc31a266",
                "sha256:1b3ead4a96c9101bef08f9f7d1217c096f31667617b58de957f690c92378b528",
                "sha256:2068531575a125b87a41802130fa7e29f26c09a2833fea68d9a40cf33902eba6",
                "sha256:209596a4ec71d990d71d5e0d312ac935d86930e6eecff6ccc7007fe54d703808",
                "sha256:2c726c276d09fc5c414693a2de063f521052d9ea7c240ce553316f70656c84d4",
                "sha256:398e44cd480f4d2b7ee8d98385ca104e35c81525dd98c519acff1b79bdaac363",
                "sha256:52b1eb8c83f178ab787f3a4283f68258525f8d70f778a2f6dd54d3b5e5fb4341",
                "sha256:5feca99c17af94057417d744607b82dd0a664fd5e4ca98061480fd8b14b18d04",
                "sha256:7538e495704e2ccda9b234b82423a4038f324f3a10c43bc088a1636180f11a41",
                "sha256:760ad187b1041a154f0e4d0f6aae3e40fdb51d6de16e5c99aedadd9246450e9e",
                "sha256:777a26c84bea6cd934422ac2e3b78863a37017618b6e5c08f92ef69853e765d3",
                "sha256:95431a26309a21874005845c21118c83991c63ea800dd44843e42a916aec5899",
                "sha256:9ad2c92ec681e02baf81fdfa056fe0d818645efa9af1f1cd5fd6f1bd2bdfd805",
                "sha256:9c6d1a54552b5330bc657b7ef0eae25d00ba7ffe85d9ea8ae6540d2197a3788c",
                "sha256:aee0c1256be6c07bd3e1263ff920c325b59849dc95392a05f258bb9b259cf39c",
                "sha256:af3d4a73793725138d6b334d9d247ce7e5f084d96284ed23f22ee626a7b88e39",
                "sha256:b36b4f3920103a25e1d5d024d155c504080959582b928e91cb608a65c3a49e1a",
                "sha256:b9574c6f03f685070d859e75c7f9eeca02d6933273b5e69572e5ff9d5e3931c3",
                "sha256:bff6ad71c81b3bba8fa35f0f1921fb24ff4476235a6e94a26ada2e54370e6da7",
                "sha256:c190f0899e9f9f8b6b7863debfb739abcb21a5c054f911ca3596d12b8a4c4c7f",
                "sha256:c907f561b1e83e93fad565bac5ba9c22d96a54e7ea0267c708bffe863cbe4075",
                "sha256:cae53c389825d3b46fb37538441f75d6aecc4174f615d048321b716df2757fb0",
                "sha256:dd4a21253f42b8d2b48410cb31fe501d32f8b9fbeb1f55063ad102fe9c425e40",
                "sha256:dde816ca9dac1d9c01dd504ea5967821606f02e510438120091b84e852367428",
                "sha256:f2362f3cb0f3172c42938946dbc5b7843c2a28aec307c49100c8b38764eb6927",
                "sha256:f328adcfebed9f11301eaedfa48e15bdece9b519fb27e6a8c01aa52a17ec31b3",
                "sha256:f8afcf15cc511ada719a88e013cec87c11aff7b91f019295eb4530f96fe5ef2f",
                "sha256:fb1bbeac803adea29cedd70781399c99138358c26d05fcbd23c13016b7f5ec65"
            ],
            "markers": "python_version < '3.8'",
            "version": "==1.4.3"
        },
        "typing-extensions": {
            "hashes": [
                "sha256:49f75d16ff11f1cd258e1b988ccff82a3ca5570217d7ad8c5f48205dd99a677e",
                "sha256:d8226d10bc02a29bcc81df19a26e56a9647f8b0a6d4a83924139f4a8b01f17b7",
                "sha256:f1d25edafde516b146ecd0613dabcc61409817af4766fbbcfb8d1ad4ec441a34"
            ],
            "markers": "python_version < '3.8'",
            "version": "==3.10.0.2"
        },
        "zipp": {
            "hashes": [
                "sha256:71c644c5369f4a6e07636f0aa966270449561fcea2e3d6747b8d23efaa9d7832",
                "sha256:9fe5ea21568a0a70e50f273397638d39b03353731e6cbbb3fd8502a33fec40bc"
            ],
            "markers": "python_version >= '3.6'",
            "version": "==3.6.0"
        }
    }
}
