{
    "_meta": {
        "hash": {
            "sha256": "3ae26a7387173bedbf95739691d699e702ab87a79a1cd401cabb44bf2fc9bfb0"
        },
        "pipfile-spec": 6,
        "requires": {
            "python_version": "3.7"
        },
        "sources": [
            {
                "name": "pypi",
                "url": "https://pypi.org/simple",
                "verify_ssl": true
            }
        ]
    },
    "default": {},
    "develop": {
        "altgraph": {
            "hashes": [
                "sha256:1f05a47122542f97028caf78775a095fbe6a2699b5089de8477eb583167d69aa",
                "sha256:c623e5f3408ca61d4016f23a681b9adb100802ca3e3da5e718915a9e4052cebe"
            ],
            "version": "==0.17"
        },
        "appdirs": {
            "hashes": [
                "sha256:7d5d0167b2b1ba821647616af46a749d1c653740dd0d2415100fe26e27afdf41",
                "sha256:a841dacd6b99318a741b166adb07e19ee71a274450e68237b4650ca1055ab128"
            ],
            "version": "==1.4.4"
        },
        "black": {
            "hashes": [
                "sha256:1c7aa6ada8ee864db745b22790a32f94b2795c253a75d6d9b5e439ff10d23116",
                "sha256:c8373c6491de9362e39271630b65b964607bc5c79c83783547d76c839b3aa219"
            ],
            "index": "pypi",
            "version": "==21.7b0"
        },
        "click": {
            "hashes": [
                "sha256:8c04c11192119b1ef78ea049e0a6f0463e4c48ef00a30160c704337586f3ad7a",
                "sha256:fba402a4a47334742d782209a7c79bc448911afe1149d07bdabdf480b3e2f4b6"
            ],
            "markers": "python_version >= '3.6'",
            "version": "==8.0.1"
        },
        "importlib-metadata": {
            "hashes": [
                "sha256:0645585859e9a6689c523927a5032f2ba5919f1f7d0e84bd4533312320de1ff9",
                "sha256:51c6635429c77cf1ae634c997ff9e53ca3438b495f10a55ba28594dd69764a8b"
            ],
            "markers": "python_version < '3.8'",
            "version": "==4.6.3"
        },
        "mypy": {
            "hashes": [
                "sha256:088cd9c7904b4ad80bec811053272986611b84221835e079be5bcad029e79dd9",
                "sha256:0aadfb2d3935988ec3815952e44058a3100499f5be5b28c34ac9d79f002a4a9a",
                "sha256:119bed3832d961f3a880787bf621634ba042cb8dc850a7429f643508eeac97b9",
                "sha256:1a85e280d4d217150ce8cb1a6dddffd14e753a4e0c3cf90baabb32cefa41b59e",
                "sha256:3c4b8ca36877fc75339253721f69603a9c7fdb5d4d5a95a1a1b899d8b86a4de2",
                "sha256:3e382b29f8e0ccf19a2df2b29a167591245df90c0b5a2542249873b5c1d78212",
                "sha256:42c266ced41b65ed40a282c575705325fa7991af370036d3f134518336636f5b",
                "sha256:53fd2eb27a8ee2892614370896956af2ff61254c275aaee4c230ae771cadd885",
                "sha256:704098302473cb31a218f1775a873b376b30b4c18229421e9e9dc8916fd16150",
                "sha256:7df1ead20c81371ccd6091fa3e2878559b5c4d4caadaf1a484cf88d93ca06703",
                "sha256:866c41f28cee548475f146aa4d39a51cf3b6a84246969f3759cb3e9c742fc072",
                "sha256:a155d80ea6cee511a3694b108c4494a39f42de11ee4e61e72bc424c490e46457",
                "sha256:adaeee09bfde366d2c13fe6093a7df5df83c9a2ba98638c7d76b010694db760e",
                "sha256:b6fb13123aeef4a3abbcfd7e71773ff3ff1526a7d3dc538f3929a49b42be03f0",
                "sha256:b94e4b785e304a04ea0828759172a15add27088520dc7e49ceade7834275bedb",
                "sha256:c0df2d30ed496a08de5daed2a9ea807d07c21ae0ab23acf541ab88c24b26ab97",
                "sha256:c6c2602dffb74867498f86e6129fd52a2770c48b7cd3ece77ada4fa38f94eba8",
                "sha256:ceb6e0a6e27fb364fb3853389607cf7eb3a126ad335790fa1e14ed02fba50811",
                "sha256:d9dd839eb0dc1bbe866a288ba3c1afc33a202015d2ad83b31e875b5905a079b6",
                "sha256:e4dab234478e3bd3ce83bac4193b2ecd9cf94e720ddd95ce69840273bf44f6de",
                "sha256:ec4e0cd079db280b6bdabdc807047ff3e199f334050db5cbb91ba3e959a67504",
                "sha256:ecd2c3fe726758037234c93df7e98deb257fd15c24c9180dacf1ef829da5f921",
                "sha256:ef565033fa5a958e62796867b1df10c40263ea9ded87164d67572834e57a174d"
            ],
            "index": "pypi",
            "version": "==0.910"
        },
        "mypy-extensions": {
            "hashes": [
                "sha256:090fedd75945a69ae91ce1303b5824f428daf5a028d2f6ab8a299250a846f15d",
                "sha256:2d82818f5bb3e369420cb3c4060a7970edba416647068eb4c5343488a6c604a8"
            ],
            "version": "==0.4.3"
        },
        "pathspec": {
            "hashes": [
                "sha256:7d15c4ddb0b5c802d161efc417ec1a2558ea2653c2e8ad9c19098201dc1c993a",
                "sha256:e564499435a2673d586f6b2130bb5b95f04a3ba06f81b8f895b651a3c76aabb1"
            ],
            "version": "==0.9.0"
        },
        "pyinstaller": {
            "hashes": [
                "sha256:30733baaf8971902286a0ddf77e5499ac5f7bf8e7c39163e83d4f8c696ef265e",
                "sha256:4d848cd782ee0893d7ad9fe2bfe535206a79f0b6760cecc5f2add831258b9322",
                "sha256:8f747b190e6ad30e2d2fd5da9a64636f61aac8c038c0b7f685efa92c782ea14f",
                "sha256:aae456205c68355f9597411090576bb31b614e53976b4c102d072bbe5db8392a",
                "sha256:c587da8f521a7ce1b9efb4e3d0117cd63c92dc6cedff24590aeef89372f53012",
                "sha256:ecc2baadeeefd2b6fbf39d13c65d4aa603afdda1c6aaaebc4577ba72893fee9e",
                "sha256:fed9f5e4802769a416a8f2ca171c6be961d1861cc05a0b71d20dfe05423137e9"
            ],
            "index": "pypi",
            "version": "==4.5.1"
        },
        "pyinstaller-hooks-contrib": {
            "hashes": [
                "sha256:57964f93eb69255c49159ffdf052aae893feed223b0f69773dfd010ca6c569d9",
                "sha256:7f5d0689b30da3092149fc536a835a94045ac8c9f0e6dfb23ac171890f5ea8f2"
            ],
            "version": "==2021.2"
        },
        "regex": {
            "hashes": [
                "sha256:026beb631097a4a3def7299aa5825e05e057de3c6d72b139c37813bfa351274b",
                "sha256:14caacd1853e40103f59571f169704367e79fb78fac3d6d09ac84d9197cadd16",
                "sha256:16d9eaa8c7e91537516c20da37db975f09ac2e7772a0694b245076c6d68f85da",
                "sha256:18fdc51458abc0a974822333bd3a932d4e06ba2a3243e9a1da305668bd62ec6d",
                "sha256:28e8af338240b6f39713a34e337c3813047896ace09d51593d6907c66c0708ba",
                "sha256:3835de96524a7b6869a6c710b26c90e94558c31006e96ca3cf6af6751b27dca1",
                "sha256:3905c86cc4ab6d71635d6419a6f8d972cab7c634539bba6053c47354fd04452c",
                "sha256:3c09d88a07483231119f5017904db8f60ad67906efac3f1baa31b9b7f7cca281",
                "sha256:4551728b767f35f86b8e5ec19a363df87450c7376d7419c3cac5b9ceb4bce576",
                "sha256:459bbe342c5b2dec5c5223e7c363f291558bc27982ef39ffd6569e8c082bdc83",
                "sha256:4f421e3cdd3a273bace013751c345f4ebeef08f05e8c10757533ada360b51a39",
                "sha256:577737ec3d4c195c4aef01b757905779a9e9aee608fa1cf0aec16b5576c893d3",
                "sha256:57fece29f7cc55d882fe282d9de52f2f522bb85290555b49394102f3621751ee",
                "sha256:7976d410e42be9ae7458c1816a416218364e06e162b82e42f7060737e711d9ce",
                "sha256:85f568892422a0e96235eb8ea6c5a41c8ccbf55576a2260c0160800dbd7c4f20",
                "sha256:8764a78c5464ac6bde91a8c87dd718c27c1cabb7ed2b4beaf36d3e8e390567f9",
                "sha256:8935937dad2c9b369c3d932b0edbc52a62647c2afb2fafc0c280f14a8bf56a6a",
                "sha256:8fe58d9f6e3d1abf690174fd75800fda9bdc23d2a287e77758dc0e8567e38ce6",
                "sha256:937b20955806381e08e54bd9d71f83276d1f883264808521b70b33d98e4dec5d",
                "sha256:9569da9e78f0947b249370cb8fadf1015a193c359e7e442ac9ecc585d937f08d",
                "sha256:a3b73390511edd2db2d34ff09aa0b2c08be974c71b4c0505b4a048d5dc128c2b",
                "sha256:a4eddbe2a715b2dd3849afbdeacf1cc283160b24e09baf64fa5675f51940419d",
                "sha256:a5c6dbe09aff091adfa8c7cfc1a0e83fdb8021ddb2c183512775a14f1435fe16",
                "sha256:b63e3571b24a7959017573b6455e05b675050bbbea69408f35f3cb984ec54363",
                "sha256:bb350eb1060591d8e89d6bac4713d41006cd4d479f5e11db334a48ff8999512f",
                "sha256:bf6d987edd4a44dd2fa2723fca2790f9442ae4de2c8438e53fcb1befdf5d823a",
                "sha256:bfa6a679410b394600eafd16336b2ce8de43e9b13f7fb9247d84ef5ad2b45e91",
                "sha256:c856ec9b42e5af4fe2d8e75970fcc3a2c15925cbcc6e7a9bcb44583b10b95e80",
                "sha256:cea56288eeda8b7511d507bbe7790d89ae7049daa5f51ae31a35ae3c05408531",
                "sha256:ea212df6e5d3f60341aef46401d32fcfded85593af1d82b8b4a7a68cd67fdd6b",
                "sha256:f35567470ee6dbfb946f069ed5f5615b40edcbb5f1e6e1d3d2b114468d505fc6",
                "sha256:fbc20975eee093efa2071de80df7f972b7b35e560b213aafabcec7c0bd00bd8c",
                "sha256:ff4a8ad9638b7ca52313d8732f37ecd5fd3c8e3aff10a8ccb93176fd5b3812f6"
            ],
            "version": "==2021.8.3"
        },
        "toml": {
            "hashes": [
                "sha256:806143ae5bfb6a3c6e736a764057db0e6a0e05e338b5630894a5f779cabb4f9b",
                "sha256:b3bda1d108d5dd99f4a20d24d9c348e91c4db7ab1b749200bded2f839ccbe68f"
            ],
            "markers": "python_version >= '2.6' and python_version not in '3.0, 3.1, 3.2, 3.3'",
            "version": "==0.10.2"
        },
        "tomli": {
            "hashes": [
                "sha256:8dd0e9524d6f386271a36b41dbf6c57d8e32fd96fd22b6584679dc569d20899f",
                "sha256:a5b75cb6f3968abb47af1b40c1819dc519ea82bcc065776a866e8d74c5ca9442"
            ],
            "markers": "python_version >= '3.6'",
            "version": "==1.2.1"
        },
        "typed-ast": {
            "hashes": [
                "sha256:01ae5f73431d21eead5015997ab41afa53aa1fbe252f9da060be5dad2c730ace",
                "sha256:067a74454df670dcaa4e59349a2e5c81e567d8d65458d480a5b3dfecec08c5ff",
                "sha256:0fb71b8c643187d7492c1f8352f2c15b4c4af3f6338f21681d3681b3dc31a266",
                "sha256:1b3ead4a96c9101bef08f9f7d1217c096f31667617b58de957f690c92378b528",
                "sha256:2068531575a125b87a41802130fa7e29f26c09a2833fea68d9a40cf33902eba6",
                "sha256:209596a4ec71d990d71d5e0d312ac935d86930e6eecff6ccc7007fe54d703808",
                "sha256:2c726c276d09fc5c414693a2de063f521052d9ea7c240ce553316f70656c84d4",
                "sha256:398e44cd480f4d2b7ee8d98385ca104e35c81525dd98c519acff1b79bdaac363",
                "sha256:52b1eb8c83f178ab787f3a4283f68258525f8d70f778a2f6dd54d3b5e5fb4341",
                "sha256:5feca99c17af94057417d744607b82dd0a664fd5e4ca98061480fd8b14b18d04",
                "sha256:7538e495704e2ccda9b234b82423a4038f324f3a10c43bc088a1636180f11a41",
                "sha256:760ad187b1041a154f0e4d0f6aae3e40fdb51d6de16e5c99aedadd9246450e9e",
                "sha256:777a26c84bea6cd934422ac2e3b78863a37017618b6e5c08f92ef69853e765d3",
                "sha256:95431a26309a21874005845c21118c83991c63ea800dd44843e42a916aec5899",
                "sha256:9ad2c92ec681e02baf81fdfa056fe0d818645efa9af1f1cd5fd6f1bd2bdfd805",
                "sha256:9c6d1a54552b5330bc657b7ef0eae25d00ba7ffe85d9ea8ae6540d2197a3788c",
                "sha256:aee0c1256be6c07bd3e1263ff920c325b59849dc95392a05f258bb9b259cf39c",
                "sha256:af3d4a73793725138d6b334d9d247ce7e5f084d96284ed23f22ee626a7b88e39",
                "sha256:b36b4f3920103a25e1d5d024d155c504080959582b928e91cb608a65c3a49e1a",
                "sha256:b9574c6f03f685070d859e75c7f9eeca02d6933273b5e69572e5ff9d5e3931c3",
                "sha256:bff6ad71c81b3bba8fa35f0f1921fb24ff4476235a6e94a26ada2e54370e6da7",
                "sha256:c190f0899e9f9f8b6b7863debfb739abcb21a5c054f911ca3596d12b8a4c4c7f",
                "sha256:c907f561b1e83e93fad565bac5ba9c22d96a54e7ea0267c708bffe863cbe4075",
                "sha256:cae53c389825d3b46fb37538441f75d6aecc4174f615d048321b716df2757fb0",
                "sha256:dd4a21253f42b8d2b48410cb31fe501d32f8b9fbeb1f55063ad102fe9c425e40",
                "sha256:dde816ca9dac1d9c01dd504ea5967821606f02e510438120091b84e852367428",
                "sha256:f2362f3cb0f3172c42938946dbc5b7843c2a28aec307c49100c8b38764eb6927",
                "sha256:f328adcfebed9f11301eaedfa48e15bdece9b519fb27e6a8c01aa52a17ec31b3",
                "sha256:f8afcf15cc511ada719a88e013cec87c11aff7b91f019295eb4530f96fe5ef2f",
                "sha256:fb1bbeac803adea29cedd70781399c99138358c26d05fcbd23c13016b7f5ec65"
            ],
            "markers": "python_version < '3.8'",
            "version": "==1.4.3"
        },
        "typing-extensions": {
            "hashes": [
                "sha256:0ac0f89795dd19de6b97debb0c6af1c70987fd80a2d62d1958f7e56fcc31b497",
                "sha256:50b6f157849174217d0656f99dc82fe932884fb250826c18350e159ec6cdf342",
                "sha256:779383f6086d90c99ae41cf0ff39aac8a7937a9283ce0a414e5dd782f4c94a84"
            ],
            "markers": "python_version < '3.8'",
            "version": "==3.10.0.0"
        },
        "zipp": {
            "hashes": [
                "sha256:957cfda87797e389580cb8b9e3870841ca991e2125350677b2ca83a0e99390a3",
                "sha256:f5812b1e007e48cff63449a5e9f4e7ebea716b4111f9c4f9a645f91d579bf0c4"
            ],
            "markers": "python_version >= '3.6'",
            "version": "==3.5.0"
        }
    }
}
